
Microsoft Visual Studio Solution File, Format Version 12.00
# Visual Studio Version 16
VisualStudioVersion = 16.0.31729.503
MinimumVisualStudioVersion = 10.0.40219.1
Project("{54435603-DBB4-11D2-8724-00A0C9A8B90C}") = "Setup", "Setup\Setup.vdproj", "{0E0D1776-67D5-4DED-A60B-5EFBCB4801B2}"
EndProject
Project("{FAE04EC0-301F-11D3-BF4B-00C04F79EFBC}") = "DatosNave7", "DatosNave7\DatosNave7.csproj", "{037CB2E5-38AC-4C81-97E0-8C3935CFC297}"
EndProject
Project("{FAE04EC0-301F-11D3-BF4B-00C04F79EFBC}") = "Controles2", "Controles\Controles2.csproj", "{D12BCB12-3B4D-4C7D-AFF3-80C81948CB58}"
EndProject
Project("{FAE04EC0-301F-11D3-BF4B-00C04F79EFBC}") = "Datos", "Datos\Datos.csproj", "{8370B48D-DB32-4663-BEEE-40765D941878}"
EndProject
Project("{FAE04EC0-301F-11D3-BF4B-00C04F79EFBC}") = "DatosIntegracion", "DatosIntegracion\DatosIntegracion.csproj", "{45E3234A-E170-4AEC-98A1-1A3FB55685E8}"
EndProject
Project("{FAE04EC0-301F-11D3-BF4B-00C04F79EFBC}") = "DatosRioCuarto", "DatosRioCuarto\DatosRioCuarto.csproj", "{F37DEA71-5816-45DB-8649-5123EE10627E}"
EndProject
Project("{FAE04EC0-301F-11D3-BF4B-00C04F79EFBC}") = "DatosSucursal6", "DatosSucursal6\DatosSucursal6.csproj", "{F54F1F44-CBB3-47D8-8131-80DB0FB54453}"
EndProject
Project("{FAE04EC0-301F-11D3-BF4B-00C04F79EFBC}") = "DatosVillaMaria", "DatosVillaMaria\DatosVillaMaria.csproj", "{9A704314-58B1-40A6-8C40-B5B715D31B09}"
EndProject
Project("{FAE04EC0-301F-11D3-BF4B-00C04F79EFBC}") = "DatosWeb", "DatosWeb\DatosWeb.csproj", "{CAE9DF3C-9856-4A6B-B073-0EC47C51F410}"
EndProject
Project("{FAE04EC0-301F-11D3-BF4B-00C04F79EFBC}") = "Entidades", "Entidades\Entidades.csproj", "{85D4F15A-9048-4DDD-AD4D-AB8991B7B115}"
EndProject
Project("{FAE04EC0-301F-11D3-BF4B-00C04F79EFBC}") = "EntidadesInformes", "EntidadesInformes\EntidadesInformes.csproj", "{5B43A5E5-ECD3-4C76-B3FD-2ADAA5370EAD}"
EndProject
Project("{FAE04EC0-301F-11D3-BF4B-00C04F79EFBC}") = "Enumeraciones", "Enumeraciones\Enumeraciones.csproj", "{D76A6515-D1AA-4791-BF99-4B15D3D87868}"
EndProject
Project("{FAE04EC0-301F-11D3-BF4B-00C04F79EFBC}") = "Presentacion", "Presentacion\Presentacion.csproj", "{79DF71EC-C9D6-4405-B4D3-CB45AB6A5D38}"
EndProject
Project("{FAE04EC0-301F-11D3-BF4B-00C04F79EFBC}") = "Logica", "Logica\Logica.csproj", "{B33BC552-3994-47F5-AAEA-C309B61E8483}"
EndProject
Project("{FAE04EC0-301F-11D3-BF4B-00C04F79EFBC}") = "LogicaWeb", "LogicaWeb\LogicaWeb.csproj", "{BFE39BD8-8E0F-4F78-837E-295356E7C320}"
EndProject
Project("{FAE04EC0-301F-11D3-BF4B-00C04F79EFBC}") = "Servidor", "Servidor\Servidor.csproj", "{412D1798-79A6-440E-B71A-1B13C854EAE3}"
EndProject
Project("{FAE04EC0-301F-11D3-BF4B-00C04F79EFBC}") = "Utilidades", "Utilidades\Utilidades.csproj", "{8628FF32-539E-44EC-9CB2-5AAC5F6DFEA7}"
EndProject
Project("{FAE04EC0-301F-11D3-BF4B-00C04F79EFBC}") = "DatosWiki", "DatosWiki\DatosWiki.csproj", "{EDD7344F-016C-4DFD-8FED-1423327E58EF}"
EndProject
Project("{FAE04EC0-301F-11D3-BF4B-00C04F79EFBC}") = "Novedades", "Novedades\Novedades.csproj", "{36ACBDCD-85DA-4E54-A6F4-0386EFEBC698}"
EndProject
Project("{FAE04EC0-301F-11D3-BF4B-00C04F79EFBC}") = "Impresion", "Impresion\Impresion.csproj", "{DC2A500D-7EB8-43EC-8C2D-A229D24EA059}"
EndProject
Project("{FAE04EC0-301F-11D3-BF4B-00C04F79EFBC}") = "DatosGuias", "DatosGuias\DatosGuias.csproj", "{02F503D6-D24A-4D25-BD38-4BAFBAA8F584}"
EndProject
Project("{FAE04EC0-301F-11D3-BF4B-00C04F79EFBC}") = "Descencriptar", "Descencriptar\Descencriptar.csproj", "{C978329D-1578-4774-AC73-0675ED17D9F4}"
EndProject
Project("{FAE04EC0-301F-11D3-BF4B-00C04F79EFBC}") = "Guias", "Guias\Guias.csproj", "{96BB4400-6759-46D6-A7EA-F87009FEB33E}"
EndProject
Project("{FAE04EC0-301F-11D3-BF4B-00C04F79EFBC}") = "ProbarNovedades", "ProbarNovedades\ProbarNovedades.csproj", "{DE04D781-A59E-4C6B-886D-E9CD095DE09A}"
EndProject
Global
	GlobalSection(SolutionConfigurationPlatforms) = preSolution
		All|Any CPU = All|Any CPU
		CD_ROM|Any CPU = CD_ROM|Any CPU
		Debug|Any CPU = Debug|Any CPU
		DefaultBuild|Any CPU = DefaultBuild|Any CPU
		DVD-5|Any CPU = DVD-5|Any CPU
		Release|Any CPU = Release|Any CPU
		SingleImage|Any CPU = SingleImage|Any CPU
	EndGlobalSection
	GlobalSection(ProjectConfigurationPlatforms) = postSolution
		{0E0D1776-67D5-4DED-A60B-5EFBCB4801B2}.All|Any CPU.ActiveCfg = Debug
		{0E0D1776-67D5-4DED-A60B-5EFBCB4801B2}.All|Any CPU.Build.0 = Debug
		{0E0D1776-67D5-4DED-A60B-5EFBCB4801B2}.CD_ROM|Any CPU.ActiveCfg = Release
		{0E0D1776-67D5-4DED-A60B-5EFBCB4801B2}.Debug|Any CPU.ActiveCfg = Debug
		{0E0D1776-67D5-4DED-A60B-5EFBCB4801B2}.DefaultBuild|Any CPU.ActiveCfg = Debug
		{0E0D1776-67D5-4DED-A60B-5EFBCB4801B2}.DefaultBuild|Any CPU.Build.0 = Debug
		{0E0D1776-67D5-4DED-A60B-5EFBCB4801B2}.DVD-5|Any CPU.ActiveCfg = Debug
		{0E0D1776-67D5-4DED-A60B-5EFBCB4801B2}.Release|Any CPU.ActiveCfg = Release
		{0E0D1776-67D5-4DED-A60B-5EFBCB4801B2}.SingleImage|Any CPU.ActiveCfg = Release
		{037CB2E5-38AC-4C81-97E0-8C3935CFC297}.All|Any CPU.ActiveCfg = Debug|Any CPU
		{037CB2E5-38AC-4C81-97E0-8C3935CFC297}.All|Any CPU.Build.0 = Debug|Any CPU
		{037CB2E5-38AC-4C81-97E0-8C3935CFC297}.CD_ROM|Any CPU.ActiveCfg = Release|Any CPU
		{037CB2E5-38AC-4C81-97E0-8C3935CFC297}.CD_ROM|Any CPU.Build.0 = Release|Any CPU
		{037CB2E5-38AC-4C81-97E0-8C3935CFC297}.Debug|Any CPU.ActiveCfg = Debug|Any CPU
		{037CB2E5-38AC-4C81-97E0-8C3935CFC297}.Debug|Any CPU.Build.0 = Debug|Any CPU
		{037CB2E5-38AC-4C81-97E0-8C3935CFC297}.DefaultBuild|Any CPU.ActiveCfg = Debug|Any CPU
		{037CB2E5-38AC-4C81-97E0-8C3935CFC297}.DefaultBuild|Any CPU.Build.0 = Debug|Any CPU
		{037CB2E5-38AC-4C81-97E0-8C3935CFC297}.DVD-5|Any CPU.ActiveCfg = Debug|Any CPU
		{037CB2E5-38AC-4C81-97E0-8C3935CFC297}.DVD-5|Any CPU.Build.0 = Debug|Any CPU
		{037CB2E5-38AC-4C81-97E0-8C3935CFC297}.Release|Any CPU.ActiveCfg = Release|Any CPU
		{037CB2E5-38AC-4C81-97E0-8C3935CFC297}.Release|Any CPU.Build.0 = Release|Any CPU
		{037CB2E5-38AC-4C81-97E0-8C3935CFC297}.SingleImage|Any CPU.ActiveCfg = Release|Any CPU
		{037CB2E5-38AC-4C81-97E0-8C3935CFC297}.SingleImage|Any CPU.Build.0 = Release|Any CPU
		{D12BCB12-3B4D-4C7D-AFF3-80C81948CB58}.All|Any CPU.ActiveCfg = Debug|Any CPU
		{D12BCB12-3B4D-4C7D-AFF3-80C81948CB58}.All|Any CPU.Build.0 = Debug|Any CPU
		{D12BCB12-3B4D-4C7D-AFF3-80C81948CB58}.CD_ROM|Any CPU.ActiveCfg = Release|Any CPU
		{D12BCB12-3B4D-4C7D-AFF3-80C81948CB58}.CD_ROM|Any CPU.Build.0 = Release|Any CPU
		{D12BCB12-3B4D-4C7D-AFF3-80C81948CB58}.Debug|Any CPU.ActiveCfg = Debug|Any CPU
		{D12BCB12-3B4D-4C7D-AFF3-80C81948CB58}.Debug|Any CPU.Build.0 = Debug|Any CPU
		{D12BCB12-3B4D-4C7D-AFF3-80C81948CB58}.DefaultBuild|Any CPU.ActiveCfg = Debug|Any CPU
		{D12BCB12-3B4D-4C7D-AFF3-80C81948CB58}.DefaultBuild|Any CPU.Build.0 = Debug|Any CPU
		{D12BCB12-3B4D-4C7D-AFF3-80C81948CB58}.DVD-5|Any CPU.ActiveCfg = Debug|Any CPU
		{D12BCB12-3B4D-4C7D-AFF3-80C81948CB58}.DVD-5|Any CPU.Build.0 = Debug|Any CPU
		{D12BCB12-3B4D-4C7D-AFF3-80C81948CB58}.Release|Any CPU.ActiveCfg = Release|Any CPU
		{D12BCB12-3B4D-4C7D-AFF3-80C81948CB58}.Release|Any CPU.Build.0 = Release|Any CPU
		{D12BCB12-3B4D-4C7D-AFF3-80C81948CB58}.SingleImage|Any CPU.ActiveCfg = Release|Any CPU
		{D12BCB12-3B4D-4C7D-AFF3-80C81948CB58}.SingleImage|Any CPU.Build.0 = Release|Any CPU
		{8370B48D-DB32-4663-BEEE-40765D941878}.All|Any CPU.ActiveCfg = Debug|Any CPU
		{8370B48D-DB32-4663-BEEE-40765D941878}.All|Any CPU.Build.0 = Debug|Any CPU
		{8370B48D-DB32-4663-BEEE-40765D941878}.CD_ROM|Any CPU.ActiveCfg = Release|Any CPU
		{8370B48D-DB32-4663-BEEE-40765D941878}.CD_ROM|Any CPU.Build.0 = Release|Any CPU
		{8370B48D-DB32-4663-BEEE-40765D941878}.Debug|Any CPU.ActiveCfg = Debug|Any CPU
		{8370B48D-DB32-4663-BEEE-40765D941878}.Debug|Any CPU.Build.0 = Debug|Any CPU
		{8370B48D-DB32-4663-BEEE-40765D941878}.DefaultBuild|Any CPU.ActiveCfg = Debug|Any CPU
		{8370B48D-DB32-4663-BEEE-40765D941878}.DefaultBuild|Any CPU.Build.0 = Debug|Any CPU
		{8370B48D-DB32-4663-BEEE-40765D941878}.DVD-5|Any CPU.ActiveCfg = Debug|Any CPU
		{8370B48D-DB32-4663-BEEE-40765D941878}.DVD-5|Any CPU.Build.0 = Debug|Any CPU
		{8370B48D-DB32-4663-BEEE-40765D941878}.Release|Any CPU.ActiveCfg = Release|Any CPU
		{8370B48D-DB32-4663-BEEE-40765D941878}.Release|Any CPU.Build.0 = Release|Any CPU
		{8370B48D-DB32-4663-BEEE-40765D941878}.SingleImage|Any CPU.ActiveCfg = Release|Any CPU
		{8370B48D-DB32-4663-BEEE-40765D941878}.SingleImage|Any CPU.Build.0 = Release|Any CPU
		{45E3234A-E170-4AEC-98A1-1A3FB55685E8}.All|Any CPU.ActiveCfg = Debug|Any CPU
		{45E3234A-E170-4AEC-98A1-1A3FB55685E8}.All|Any CPU.Build.0 = Debug|Any CPU
		{45E3234A-E170-4AEC-98A1-1A3FB55685E8}.CD_ROM|Any CPU.ActiveCfg = Release|Any CPU
		{45E3234A-E170-4AEC-98A1-1A3FB55685E8}.CD_ROM|Any CPU.Build.0 = Release|Any CPU
		{45E3234A-E170-4AEC-98A1-1A3FB55685E8}.Debug|Any CPU.ActiveCfg = Debug|Any CPU
		{45E3234A-E170-4AEC-98A1-1A3FB55685E8}.Debug|Any CPU.Build.0 = Debug|Any CPU
		{45E3234A-E170-4AEC-98A1-1A3FB55685E8}.DefaultBuild|Any CPU.ActiveCfg = Debug|Any CPU
		{45E3234A-E170-4AEC-98A1-1A3FB55685E8}.DefaultBuild|Any CPU.Build.0 = Debug|Any CPU
		{45E3234A-E170-4AEC-98A1-1A3FB55685E8}.DVD-5|Any CPU.ActiveCfg = Debug|Any CPU
		{45E3234A-E170-4AEC-98A1-1A3FB55685E8}.DVD-5|Any CPU.Build.0 = Debug|Any CPU
		{45E3234A-E170-4AEC-98A1-1A3FB55685E8}.Release|Any CPU.ActiveCfg = Release|Any CPU
		{45E3234A-E170-4AEC-98A1-1A3FB55685E8}.Release|Any CPU.Build.0 = Release|Any CPU
		{45E3234A-E170-4AEC-98A1-1A3FB55685E8}.SingleImage|Any CPU.ActiveCfg = Release|Any CPU
		{45E3234A-E170-4AEC-98A1-1A3FB55685E8}.SingleImage|Any CPU.Build.0 = Release|Any CPU
		{F37DEA71-5816-45DB-8649-5123EE10627E}.All|Any CPU.ActiveCfg = Debug|Any CPU
		{F37DEA71-5816-45DB-8649-5123EE10627E}.All|Any CPU.Build.0 = Debug|Any CPU
		{F37DEA71-5816-45DB-8649-5123EE10627E}.CD_ROM|Any CPU.ActiveCfg = Release|Any CPU
		{F37DEA71-5816-45DB-8649-5123EE10627E}.CD_ROM|Any CPU.Build.0 = Release|Any CPU
		{F37DEA71-5816-45DB-8649-5123EE10627E}.Debug|Any CPU.ActiveCfg = Debug|Any CPU
		{F37DEA71-5816-45DB-8649-5123EE10627E}.Debug|Any CPU.Build.0 = Debug|Any CPU
		{F37DEA71-5816-45DB-8649-5123EE10627E}.DefaultBuild|Any CPU.ActiveCfg = Debug|Any CPU
		{F37DEA71-5816-45DB-8649-5123EE10627E}.DefaultBuild|Any CPU.Build.0 = Debug|Any CPU
		{F37DEA71-5816-45DB-8649-5123EE10627E}.DVD-5|Any CPU.ActiveCfg = Debug|Any CPU
		{F37DEA71-5816-45DB-8649-5123EE10627E}.DVD-5|Any CPU.Build.0 = Debug|Any CPU
		{F37DEA71-5816-45DB-8649-5123EE10627E}.Release|Any CPU.ActiveCfg = Release|Any CPU
		{F37DEA71-5816-45DB-8649-5123EE10627E}.Release|Any CPU.Build.0 = Release|Any CPU
		{F37DEA71-5816-45DB-8649-5123EE10627E}.SingleImage|Any CPU.ActiveCfg = Release|Any CPU
		{F37DEA71-5816-45DB-8649-5123EE10627E}.SingleImage|Any CPU.Build.0 = Release|Any CPU
		{F54F1F44-CBB3-47D8-8131-80DB0FB54453}.All|Any CPU.ActiveCfg = Debug|Any CPU
		{F54F1F44-CBB3-47D8-8131-80DB0FB54453}.All|Any CPU.Build.0 = Debug|Any CPU
		{F54F1F44-CBB3-47D8-8131-80DB0FB54453}.CD_ROM|Any CPU.ActiveCfg = Release|Any CPU
		{F54F1F44-CBB3-47D8-8131-80DB0FB54453}.CD_ROM|Any CPU.Build.0 = Release|Any CPU
		{F54F1F44-CBB3-47D8-8131-80DB0FB54453}.Debug|Any CPU.ActiveCfg = Debug|Any CPU
		{F54F1F44-CBB3-47D8-8131-80DB0FB54453}.Debug|Any CPU.Build.0 = Debug|Any CPU
		{F54F1F44-CBB3-47D8-8131-80DB0FB54453}.DefaultBuild|Any CPU.ActiveCfg = Debug|Any CPU
		{F54F1F44-CBB3-47D8-8131-80DB0FB54453}.DefaultBuild|Any CPU.Build.0 = Debug|Any CPU
		{F54F1F44-CBB3-47D8-8131-80DB0FB54453}.DVD-5|Any CPU.ActiveCfg = Debug|Any CPU
		{F54F1F44-CBB3-47D8-8131-80DB0FB54453}.DVD-5|Any CPU.Build.0 = Debug|Any CPU
		{F54F1F44-CBB3-47D8-8131-80DB0FB54453}.Release|Any CPU.ActiveCfg = Release|Any CPU
		{F54F1F44-CBB3-47D8-8131-80DB0FB54453}.Release|Any CPU.Build.0 = Release|Any CPU
		{F54F1F44-CBB3-47D8-8131-80DB0FB54453}.SingleImage|Any CPU.ActiveCfg = Release|Any CPU
		{F54F1F44-CBB3-47D8-8131-80DB0FB54453}.SingleImage|Any CPU.Build.0 = Release|Any CPU
		{9A704314-58B1-40A6-8C40-B5B715D31B09}.All|Any CPU.ActiveCfg = Debug|Any CPU
		{9A704314-58B1-40A6-8C40-B5B715D31B09}.All|Any CPU.Build.0 = Debug|Any CPU
		{9A704314-58B1-40A6-8C40-B5B715D31B09}.CD_ROM|Any CPU.ActiveCfg = Release|Any CPU
		{9A704314-58B1-40A6-8C40-B5B715D31B09}.CD_ROM|Any CPU.Build.0 = Release|Any CPU
		{9A704314-58B1-40A6-8C40-B5B715D31B09}.Debug|Any CPU.ActiveCfg = Debug|Any CPU
		{9A704314-58B1-40A6-8C40-B5B715D31B09}.Debug|Any CPU.Build.0 = Debug|Any CPU
		{9A704314-58B1-40A6-8C40-B5B715D31B09}.DefaultBuild|Any CPU.ActiveCfg = Debug|Any CPU
		{9A704314-58B1-40A6-8C40-B5B715D31B09}.DefaultBuild|Any CPU.Build.0 = Debug|Any CPU
		{9A704314-58B1-40A6-8C40-B5B715D31B09}.DVD-5|Any CPU.ActiveCfg = Debug|Any CPU
		{9A704314-58B1-40A6-8C40-B5B715D31B09}.DVD-5|Any CPU.Build.0 = Debug|Any CPU
		{9A704314-58B1-40A6-8C40-B5B715D31B09}.Release|Any CPU.ActiveCfg = Release|Any CPU
		{9A704314-58B1-40A6-8C40-B5B715D31B09}.Release|Any CPU.Build.0 = Release|Any CPU
		{9A704314-58B1-40A6-8C40-B5B715D31B09}.SingleImage|Any CPU.ActiveCfg = Release|Any CPU
		{9A704314-58B1-40A6-8C40-B5B715D31B09}.SingleImage|Any CPU.Build.0 = Release|Any CPU
		{CAE9DF3C-9856-4A6B-B073-0EC47C51F410}.All|Any CPU.ActiveCfg = Debug|Any CPU
		{CAE9DF3C-9856-4A6B-B073-0EC47C51F410}.All|Any CPU.Build.0 = Debug|Any CPU
		{CAE9DF3C-9856-4A6B-B073-0EC47C51F410}.CD_ROM|Any CPU.ActiveCfg = Release|Any CPU
		{CAE9DF3C-9856-4A6B-B073-0EC47C51F410}.CD_ROM|Any CPU.Build.0 = Release|Any CPU
		{CAE9DF3C-9856-4A6B-B073-0EC47C51F410}.Debug|Any CPU.ActiveCfg = Debug|Any CPU
		{CAE9DF3C-9856-4A6B-B073-0EC47C51F410}.Debug|Any CPU.Build.0 = Debug|Any CPU
		{CAE9DF3C-9856-4A6B-B073-0EC47C51F410}.DefaultBuild|Any CPU.ActiveCfg = Debug|Any CPU
		{CAE9DF3C-9856-4A6B-B073-0EC47C51F410}.DefaultBuild|Any CPU.Build.0 = Debug|Any CPU
		{CAE9DF3C-9856-4A6B-B073-0EC47C51F410}.DVD-5|Any CPU.ActiveCfg = Debug|Any CPU
		{CAE9DF3C-9856-4A6B-B073-0EC47C51F410}.DVD-5|Any CPU.Build.0 = Debug|Any CPU
		{CAE9DF3C-9856-4A6B-B073-0EC47C51F410}.Release|Any CPU.ActiveCfg = Release|Any CPU
		{CAE9DF3C-9856-4A6B-B073-0EC47C51F410}.Release|Any CPU.Build.0 = Release|Any CPU
		{CAE9DF3C-9856-4A6B-B073-0EC47C51F410}.SingleImage|Any CPU.ActiveCfg = Release|Any CPU
		{CAE9DF3C-9856-4A6B-B073-0EC47C51F410}.SingleImage|Any CPU.Build.0 = Release|Any CPU
		{85D4F15A-9048-4DDD-AD4D-AB8991B7B115}.All|Any CPU.ActiveCfg = Debug|Any CPU
		{85D4F15A-9048-4DDD-AD4D-AB8991B7B115}.All|Any CPU.Build.0 = Debug|Any CPU
		{85D4F15A-9048-4DDD-AD4D-AB8991B7B115}.CD_ROM|Any CPU.ActiveCfg = Release|Any CPU
		{85D4F15A-9048-4DDD-AD4D-AB8991B7B115}.CD_ROM|Any CPU.Build.0 = Release|Any CPU
		{85D4F15A-9048-4DDD-AD4D-AB8991B7B115}.Debug|Any CPU.ActiveCfg = Debug|Any CPU
		{85D4F15A-9048-4DDD-AD4D-AB8991B7B115}.Debug|Any CPU.Build.0 = Debug|Any CPU
		{85D4F15A-9048-4DDD-AD4D-AB8991B7B115}.DefaultBuild|Any CPU.ActiveCfg = Debug|Any CPU
		{85D4F15A-9048-4DDD-AD4D-AB8991B7B115}.DefaultBuild|Any CPU.Build.0 = Debug|Any CPU
		{85D4F15A-9048-4DDD-AD4D-AB8991B7B115}.DVD-5|Any CPU.ActiveCfg = Debug|Any CPU
		{85D4F15A-9048-4DDD-AD4D-AB8991B7B115}.DVD-5|Any CPU.Build.0 = Debug|Any CPU
		{85D4F15A-9048-4DDD-AD4D-AB8991B7B115}.Release|Any CPU.ActiveCfg = Release|Any CPU
		{85D4F15A-9048-4DDD-AD4D-AB8991B7B115}.Release|Any CPU.Build.0 = Release|Any CPU
		{85D4F15A-9048-4DDD-AD4D-AB8991B7B115}.SingleImage|Any CPU.ActiveCfg = Release|Any CPU
		{85D4F15A-9048-4DDD-AD4D-AB8991B7B115}.SingleImage|Any CPU.Build.0 = Release|Any CPU
		{5B43A5E5-ECD3-4C76-B3FD-2ADAA5370EAD}.All|Any CPU.ActiveCfg = Debug|Any CPU
		{5B43A5E5-ECD3-4C76-B3FD-2ADAA5370EAD}.All|Any CPU.Build.0 = Debug|Any CPU
		{5B43A5E5-ECD3-4C76-B3FD-2ADAA5370EAD}.CD_ROM|Any CPU.ActiveCfg = Release|Any CPU
		{5B43A5E5-ECD3-4C76-B3FD-2ADAA5370EAD}.CD_ROM|Any CPU.Build.0 = Release|Any CPU
		{5B43A5E5-ECD3-4C76-B3FD-2ADAA5370EAD}.Debug|Any CPU.ActiveCfg = Debug|Any CPU
		{5B43A5E5-ECD3-4C76-B3FD-2ADAA5370EAD}.Debug|Any CPU.Build.0 = Debug|Any CPU
		{5B43A5E5-ECD3-4C76-B3FD-2ADAA5370EAD}.DefaultBuild|Any CPU.ActiveCfg = Debug|Any CPU
		{5B43A5E5-ECD3-4C76-B3FD-2ADAA5370EAD}.DefaultBuild|Any CPU.Build.0 = Debug|Any CPU
		{5B43A5E5-ECD3-4C76-B3FD-2ADAA5370EAD}.DVD-5|Any CPU.ActiveCfg = Debug|Any CPU
		{5B43A5E5-ECD3-4C76-B3FD-2ADAA5370EAD}.DVD-5|Any CPU.Build.0 = Debug|Any CPU
		{5B43A5E5-ECD3-4C76-B3FD-2ADAA5370EAD}.Release|Any CPU.ActiveCfg = Release|Any CPU
		{5B43A5E5-ECD3-4C76-B3FD-2ADAA5370EAD}.Release|Any CPU.Build.0 = Release|Any CPU
		{5B43A5E5-ECD3-4C76-B3FD-2ADAA5370EAD}.SingleImage|Any CPU.ActiveCfg = Release|Any CPU
		{5B43A5E5-ECD3-4C76-B3FD-2ADAA5370EAD}.SingleImage|Any CPU.Build.0 = Release|Any CPU
		{D76A6515-D1AA-4791-BF99-4B15D3D87868}.All|Any CPU.ActiveCfg = Debug|Any CPU
		{D76A6515-D1AA-4791-BF99-4B15D3D87868}.All|Any CPU.Build.0 = Debug|Any CPU
		{D76A6515-D1AA-4791-BF99-4B15D3D87868}.CD_ROM|Any CPU.ActiveCfg = Release|Any CPU
		{D76A6515-D1AA-4791-BF99-4B15D3D87868}.CD_ROM|Any CPU.Build.0 = Release|Any CPU
		{D76A6515-D1AA-4791-BF99-4B15D3D87868}.Debug|Any CPU.ActiveCfg = Debug|Any CPU
		{D76A6515-D1AA-4791-BF99-4B15D3D87868}.Debug|Any CPU.Build.0 = Debug|Any CPU
		{D76A6515-D1AA-4791-BF99-4B15D3D87868}.DefaultBuild|Any CPU.ActiveCfg = Debug|Any CPU
		{D76A6515-D1AA-4791-BF99-4B15D3D87868}.DefaultBuild|Any CPU.Build.0 = Debug|Any CPU
		{D76A6515-D1AA-4791-BF99-4B15D3D87868}.DVD-5|Any CPU.ActiveCfg = Debug|Any CPU
		{D76A6515-D1AA-4791-BF99-4B15D3D87868}.DVD-5|Any CPU.Build.0 = Debug|Any CPU
		{D76A6515-D1AA-4791-BF99-4B15D3D87868}.Release|Any CPU.ActiveCfg = Release|Any CPU
		{D76A6515-D1AA-4791-BF99-4B15D3D87868}.Release|Any CPU.Build.0 = Release|Any CPU
		{D76A6515-D1AA-4791-BF99-4B15D3D87868}.SingleImage|Any CPU.ActiveCfg = Release|Any CPU
		{D76A6515-D1AA-4791-BF99-4B15D3D87868}.SingleImage|Any CPU.Build.0 = Release|Any CPU
		{79DF71EC-C9D6-4405-B4D3-CB45AB6A5D38}.All|Any CPU.ActiveCfg = Debug|Any CPU
		{79DF71EC-C9D6-4405-B4D3-CB45AB6A5D38}.All|Any CPU.Build.0 = Debug|Any CPU
		{79DF71EC-C9D6-4405-B4D3-CB45AB6A5D38}.CD_ROM|Any CPU.ActiveCfg = Release|Any CPU
		{79DF71EC-C9D6-4405-B4D3-CB45AB6A5D38}.CD_ROM|Any CPU.Build.0 = Release|Any CPU
		{79DF71EC-C9D6-4405-B4D3-CB45AB6A5D38}.Debug|Any CPU.ActiveCfg = Debug|Any CPU
		{79DF71EC-C9D6-4405-B4D3-CB45AB6A5D38}.Debug|Any CPU.Build.0 = Debug|Any CPU
		{79DF71EC-C9D6-4405-B4D3-CB45AB6A5D38}.DefaultBuild|Any CPU.ActiveCfg = Debug|Any CPU
		{79DF71EC-C9D6-4405-B4D3-CB45AB6A5D38}.DefaultBuild|Any CPU.Build.0 = Debug|Any CPU
		{79DF71EC-C9D6-4405-B4D3-CB45AB6A5D38}.DVD-5|Any CPU.ActiveCfg = Debug|Any CPU
		{79DF71EC-C9D6-4405-B4D3-CB45AB6A5D38}.DVD-5|Any CPU.Build.0 = Debug|Any CPU
		{79DF71EC-C9D6-4405-B4D3-CB45AB6A5D38}.Release|Any CPU.ActiveCfg = Release|Any CPU
		{79DF71EC-C9D6-4405-B4D3-CB45AB6A5D38}.Release|Any CPU.Build.0 = Release|Any CPU
		{79DF71EC-C9D6-4405-B4D3-CB45AB6A5D38}.SingleImage|Any CPU.ActiveCfg = Release|Any CPU
		{79DF71EC-C9D6-4405-B4D3-CB45AB6A5D38}.SingleImage|Any CPU.Build.0 = Release|Any CPU
		{B33BC552-3994-47F5-AAEA-C309B61E8483}.All|Any CPU.ActiveCfg = Debug|Any CPU
		{B33BC552-3994-47F5-AAEA-C309B61E8483}.All|Any CPU.Build.0 = Debug|Any CPU
		{B33BC552-3994-47F5-AAEA-C309B61E8483}.CD_ROM|Any CPU.ActiveCfg = Release|Any CPU
		{B33BC552-3994-47F5-AAEA-C309B61E8483}.CD_ROM|Any CPU.Build.0 = Release|Any CPU
		{B33BC552-3994-47F5-AAEA-C309B61E8483}.Debug|Any CPU.ActiveCfg = Debug|Any CPU
		{B33BC552-3994-47F5-AAEA-C309B61E8483}.Debug|Any CPU.Build.0 = Debug|Any CPU
		{B33BC552-3994-47F5-AAEA-C309B61E8483}.DefaultBuild|Any CPU.ActiveCfg = Debug|Any CPU
		{B33BC552-3994-47F5-AAEA-C309B61E8483}.DefaultBuild|Any CPU.Build.0 = Debug|Any CPU
		{B33BC552-3994-47F5-AAEA-C309B61E8483}.DVD-5|Any CPU.ActiveCfg = Debug|Any CPU
		{B33BC552-3994-47F5-AAEA-C309B61E8483}.DVD-5|Any CPU.Build.0 = Debug|Any CPU
		{B33BC552-3994-47F5-AAEA-C309B61E8483}.Release|Any CPU.ActiveCfg = Release|Any CPU
		{B33BC552-3994-47F5-AAEA-C309B61E8483}.Release|Any CPU.Build.0 = Release|Any CPU
		{B33BC552-3994-47F5-AAEA-C309B61E8483}.SingleImage|Any CPU.ActiveCfg = Release|Any CPU
		{B33BC552-3994-47F5-AAEA-C309B61E8483}.SingleImage|Any CPU.Build.0 = Release|Any CPU
		{BFE39BD8-8E0F-4F78-837E-295356E7C320}.All|Any CPU.ActiveCfg = Debug|Any CPU
		{BFE39BD8-8E0F-4F78-837E-295356E7C320}.All|Any CPU.Build.0 = Debug|Any CPU
		{BFE39BD8-8E0F-4F78-837E-295356E7C320}.CD_ROM|Any CPU.ActiveCfg = Release|Any CPU
		{BFE39BD8-8E0F-4F78-837E-295356E7C320}.CD_ROM|Any CPU.Build.0 = Release|Any CPU
		{BFE39BD8-8E0F-4F78-837E-295356E7C320}.Debug|Any CPU.ActiveCfg = Debug|Any CPU
		{BFE39BD8-8E0F-4F78-837E-295356E7C320}.Debug|Any CPU.Build.0 = Debug|Any CPU
		{BFE39BD8-8E0F-4F78-837E-295356E7C320}.DefaultBuild|Any CPU.ActiveCfg = Debug|Any CPU
		{BFE39BD8-8E0F-4F78-837E-295356E7C320}.DefaultBuild|Any CPU.Build.0 = Debug|Any CPU
		{BFE39BD8-8E0F-4F78-837E-295356E7C320}.DVD-5|Any CPU.ActiveCfg = Debug|Any CPU
		{BFE39BD8-8E0F-4F78-837E-295356E7C320}.DVD-5|Any CPU.Build.0 = Debug|Any CPU
		{BFE39BD8-8E0F-4F78-837E-295356E7C320}.Release|Any CPU.ActiveCfg = Release|Any CPU
		{BFE39BD8-8E0F-4F78-837E-295356E7C320}.Release|Any CPU.Build.0 = Release|Any CPU
		{BFE39BD8-8E0F-4F78-837E-295356E7C320}.SingleImage|Any CPU.ActiveCfg = Release|Any CPU
		{BFE39BD8-8E0F-4F78-837E-295356E7C320}.SingleImage|Any CPU.Build.0 = Release|Any CPU
		{412D1798-79A6-440E-B71A-1B13C854EAE3}.All|Any CPU.ActiveCfg = Debug|Any CPU
		{412D1798-79A6-440E-B71A-1B13C854EAE3}.All|Any CPU.Build.0 = Debug|Any CPU
		{412D1798-79A6-440E-B71A-1B13C854EAE3}.CD_ROM|Any CPU.ActiveCfg = Release|Any CPU
		{412D1798-79A6-440E-B71A-1B13C854EAE3}.CD_ROM|Any CPU.Build.0 = Release|Any CPU
		{412D1798-79A6-440E-B71A-1B13C854EAE3}.Debug|Any CPU.ActiveCfg = Debug|Any CPU
		{412D1798-79A6-440E-B71A-1B13C854EAE3}.Debug|Any CPU.Build.0 = Debug|Any CPU
		{412D1798-79A6-440E-B71A-1B13C854EAE3}.DefaultBuild|Any CPU.ActiveCfg = Debug|Any CPU
		{412D1798-79A6-440E-B71A-1B13C854EAE3}.DefaultBuild|Any CPU.Build.0 = Debug|Any CPU
		{412D1798-79A6-440E-B71A-1B13C854EAE3}.DVD-5|Any CPU.ActiveCfg = Debug|Any CPU
		{412D1798-79A6-440E-B71A-1B13C854EAE3}.DVD-5|Any CPU.Build.0 = Debug|Any CPU
		{412D1798-79A6-440E-B71A-1B13C854EAE3}.Release|Any CPU.ActiveCfg = Release|Any CPU
		{412D1798-79A6-440E-B71A-1B13C854EAE3}.Release|Any CPU.Build.0 = Release|Any CPU
		{412D1798-79A6-440E-B71A-1B13C854EAE3}.SingleImage|Any CPU.ActiveCfg = Release|Any CPU
		{412D1798-79A6-440E-B71A-1B13C854EAE3}.SingleImage|Any CPU.Build.0 = Release|Any CPU
		{8628FF32-539E-44EC-9CB2-5AAC5F6DFEA7}.All|Any CPU.ActiveCfg = Debug|Any CPU
		{8628FF32-539E-44EC-9CB2-5AAC5F6DFEA7}.All|Any CPU.Build.0 = Debug|Any CPU
		{8628FF32-539E-44EC-9CB2-5AAC5F6DFEA7}.CD_ROM|Any CPU.ActiveCfg = Release|Any CPU
		{8628FF32-539E-44EC-9CB2-5AAC5F6DFEA7}.CD_ROM|Any CPU.Build.0 = Release|Any CPU
		{8628FF32-539E-44EC-9CB2-5AAC5F6DFEA7}.Debug|Any CPU.ActiveCfg = Debug|Any CPU
		{8628FF32-539E-44EC-9CB2-5AAC5F6DFEA7}.Debug|Any CPU.Build.0 = Debug|Any CPU
		{8628FF32-539E-44EC-9CB2-5AAC5F6DFEA7}.DefaultBuild|Any CPU.ActiveCfg = Debug|Any CPU
		{8628FF32-539E-44EC-9CB2-5AAC5F6DFEA7}.DefaultBuild|Any CPU.Build.0 = Debug|Any CPU
		{8628FF32-539E-44EC-9CB2-5AAC5F6DFEA7}.DVD-5|Any CPU.ActiveCfg = Debug|Any CPU
		{8628FF32-539E-44EC-9CB2-5AAC5F6DFEA7}.DVD-5|Any CPU.Build.0 = Debug|Any CPU
		{8628FF32-539E-44EC-9CB2-5AAC5F6DFEA7}.Release|Any CPU.ActiveCfg = Release|Any CPU
		{8628FF32-539E-44EC-9CB2-5AAC5F6DFEA7}.Release|Any CPU.Build.0 = Release|Any CPU
		{8628FF32-539E-44EC-9CB2-5AAC5F6DFEA7}.SingleImage|Any CPU.ActiveCfg = Release|Any CPU
		{8628FF32-539E-44EC-9CB2-5AAC5F6DFEA7}.SingleImage|Any CPU.Build.0 = Release|Any CPU
		{EDD7344F-016C-4DFD-8FED-1423327E58EF}.All|Any CPU.ActiveCfg = Debug|Any CPU
		{EDD7344F-016C-4DFD-8FED-1423327E58EF}.All|Any CPU.Build.0 = Debug|Any CPU
		{EDD7344F-016C-4DFD-8FED-1423327E58EF}.CD_ROM|Any CPU.ActiveCfg = Release|Any CPU
		{EDD7344F-016C-4DFD-8FED-1423327E58EF}.CD_ROM|Any CPU.Build.0 = Release|Any CPU
		{EDD7344F-016C-4DFD-8FED-1423327E58EF}.Debug|Any CPU.ActiveCfg = Debug|Any CPU
		{EDD7344F-016C-4DFD-8FED-1423327E58EF}.Debug|Any CPU.Build.0 = Debug|Any CPU
		{EDD7344F-016C-4DFD-8FED-1423327E58EF}.DefaultBuild|Any CPU.ActiveCfg = Debug|Any CPU
		{EDD7344F-016C-4DFD-8FED-1423327E58EF}.DefaultBuild|Any CPU.Build.0 = Debug|Any CPU
		{EDD7344F-016C-4DFD-8FED-1423327E58EF}.DVD-5|Any CPU.ActiveCfg = Debug|Any CPU
		{EDD7344F-016C-4DFD-8FED-1423327E58EF}.DVD-5|Any CPU.Build.0 = Debug|Any CPU
		{EDD7344F-016C-4DFD-8FED-1423327E58EF}.Release|Any CPU.ActiveCfg = Release|Any CPU
		{EDD7344F-016C-4DFD-8FED-1423327E58EF}.Release|Any CPU.Build.0 = Release|Any CPU
		{EDD7344F-016C-4DFD-8FED-1423327E58EF}.SingleImage|Any CPU.ActiveCfg = Release|Any CPU
		{EDD7344F-016C-4DFD-8FED-1423327E58EF}.SingleImage|Any CPU.Build.0 = Release|Any CPU
		{36ACBDCD-85DA-4E54-A6F4-0386EFEBC698}.All|Any CPU.ActiveCfg = Debug|Any CPU
		{36ACBDCD-85DA-4E54-A6F4-0386EFEBC698}.All|Any CPU.Build.0 = Debug|Any CPU
		{36ACBDCD-85DA-4E54-A6F4-0386EFEBC698}.CD_ROM|Any CPU.ActiveCfg = Release|Any CPU
		{36ACBDCD-85DA-4E54-A6F4-0386EFEBC698}.CD_ROM|Any CPU.Build.0 = Release|Any CPU
		{36ACBDCD-85DA-4E54-A6F4-0386EFEBC698}.Debug|Any CPU.ActiveCfg = Debug|Any CPU
		{36ACBDCD-85DA-4E54-A6F4-0386EFEBC698}.Debug|Any CPU.Build.0 = Debug|Any CPU
		{36ACBDCD-85DA-4E54-A6F4-0386EFEBC698}.DefaultBuild|Any CPU.ActiveCfg = Debug|Any CPU
		{36ACBDCD-85DA-4E54-A6F4-0386EFEBC698}.DefaultBuild|Any CPU.Build.0 = Debug|Any CPU
		{36ACBDCD-85DA-4E54-A6F4-0386EFEBC698}.DVD-5|Any CPU.ActiveCfg = Debug|Any CPU
		{36ACBDCD-85DA-4E54-A6F4-0386EFEBC698}.DVD-5|Any CPU.Build.0 = Debug|Any CPU
		{36ACBDCD-85DA-4E54-A6F4-0386EFEBC698}.Release|Any CPU.ActiveCfg = Release|Any CPU
		{36ACBDCD-85DA-4E54-A6F4-0386EFEBC698}.Release|Any CPU.Build.0 = Release|Any CPU
		{36ACBDCD-85DA-4E54-A6F4-0386EFEBC698}.SingleImage|Any CPU.ActiveCfg = Release|Any CPU
		{36ACBDCD-85DA-4E54-A6F4-0386EFEBC698}.SingleImage|Any CPU.Build.0 = Release|Any CPU
		{DC2A500D-7EB8-43EC-8C2D-A229D24EA059}.All|Any CPU.ActiveCfg = Release|Any CPU
		{DC2A500D-7EB8-43EC-8C2D-A229D24EA059}.All|Any CPU.Build.0 = Release|Any CPU
		{DC2A500D-7EB8-43EC-8C2D-A229D24EA059}.CD_ROM|Any CPU.ActiveCfg = Debug|Any CPU
		{DC2A500D-7EB8-43EC-8C2D-A229D24EA059}.CD_ROM|Any CPU.Build.0 = Debug|Any CPU
		{DC2A500D-7EB8-43EC-8C2D-A229D24EA059}.Debug|Any CPU.ActiveCfg = Debug|Any CPU
		{DC2A500D-7EB8-43EC-8C2D-A229D24EA059}.Debug|Any CPU.Build.0 = Debug|Any CPU
		{DC2A500D-7EB8-43EC-8C2D-A229D24EA059}.DefaultBuild|Any CPU.ActiveCfg = Debug|Any CPU
		{DC2A500D-7EB8-43EC-8C2D-A229D24EA059}.DefaultBuild|Any CPU.Build.0 = Debug|Any CPU
		{DC2A500D-7EB8-43EC-8C2D-A229D24EA059}.DVD-5|Any CPU.ActiveCfg = Debug|Any CPU
		{DC2A500D-7EB8-43EC-8C2D-A229D24EA059}.DVD-5|Any CPU.Build.0 = Debug|Any CPU
		{DC2A500D-7EB8-43EC-8C2D-A229D24EA059}.Release|Any CPU.ActiveCfg = Release|Any CPU
		{DC2A500D-7EB8-43EC-8C2D-A229D24EA059}.Release|Any CPU.Build.0 = Release|Any CPU
		{DC2A500D-7EB8-43EC-8C2D-A229D24EA059}.SingleImage|Any CPU.ActiveCfg = Debug|Any CPU
		{DC2A500D-7EB8-43EC-8C2D-A229D24EA059}.SingleImage|Any CPU.Build.0 = Debug|Any CPU
		{02F503D6-D24A-4D25-BD38-4BAFBAA8F584}.All|Any CPU.ActiveCfg = Debug|Any CPU
		{02F503D6-D24A-4D25-BD38-4BAFBAA8F584}.All|Any CPU.Build.0 = Debug|Any CPU
		{02F503D6-D24A-4D25-BD38-4BAFBAA8F584}.CD_ROM|Any CPU.ActiveCfg = Debug|Any CPU
		{02F503D6-D24A-4D25-BD38-4BAFBAA8F584}.CD_ROM|Any CPU.Build.0 = Debug|Any CPU
		{02F503D6-D24A-4D25-BD38-4BAFBAA8F584}.Debug|Any CPU.ActiveCfg = Debug|Any CPU
		{02F503D6-D24A-4D25-BD38-4BAFBAA8F584}.Debug|Any CPU.Build.0 = Debug|Any CPU
		{02F503D6-D24A-4D25-BD38-4BAFBAA8F584}.DefaultBuild|Any CPU.ActiveCfg = Debug|Any CPU
		{02F503D6-D24A-4D25-BD38-4BAFBAA8F584}.DefaultBuild|Any CPU.Build.0 = Debug|Any CPU
		{02F503D6-D24A-4D25-BD38-4BAFBAA8F584}.DVD-5|Any CPU.ActiveCfg = Debug|Any CPU
		{02F503D6-D24A-4D25-BD38-4BAFBAA8F584}.DVD-5|Any CPU.Build.0 = Debug|Any CPU
		{02F503D6-D24A-4D25-BD38-4BAFBAA8F584}.Release|Any CPU.ActiveCfg = Release|Any CPU
		{02F503D6-D24A-4D25-BD38-4BAFBAA8F584}.Release|Any CPU.Build.0 = Release|Any CPU
		{02F503D6-D24A-4D25-BD38-4BAFBAA8F584}.SingleImage|Any CPU.ActiveCfg = Debug|Any CPU
		{02F503D6-D24A-4D25-BD38-4BAFBAA8F584}.SingleImage|Any CPU.Build.0 = Debug|Any CPU
		{C978329D-1578-4774-AC73-0675ED17D9F4}.All|Any CPU.ActiveCfg = Debug|Any CPU
		{C978329D-1578-4774-AC73-0675ED17D9F4}.All|Any CPU.Build.0 = Debug|Any CPU
		{C978329D-1578-4774-AC73-0675ED17D9F4}.CD_ROM|Any CPU.ActiveCfg = Debug|Any CPU
		{C978329D-1578-4774-AC73-0675ED17D9F4}.CD_ROM|Any CPU.Build.0 = Debug|Any CPU
		{C978329D-1578-4774-AC73-0675ED17D9F4}.Debug|Any CPU.ActiveCfg = Debug|Any CPU
		{C978329D-1578-4774-AC73-0675ED17D9F4}.Debug|Any CPU.Build.0 = Debug|Any CPU
		{C978329D-1578-4774-AC73-0675ED17D9F4}.DefaultBuild|Any CPU.ActiveCfg = Debug|Any CPU
		{C978329D-1578-4774-AC73-0675ED17D9F4}.DefaultBuild|Any CPU.Build.0 = Debug|Any CPU
		{C978329D-1578-4774-AC73-0675ED17D9F4}.DVD-5|Any CPU.ActiveCfg = Debug|Any CPU
		{C978329D-1578-4774-AC73-0675ED17D9F4}.DVD-5|Any CPU.Build.0 = Debug|Any CPU
		{C978329D-1578-4774-AC73-0675ED17D9F4}.Release|Any CPU.ActiveCfg = Release|Any CPU
		{C978329D-1578-4774-AC73-0675ED17D9F4}.Release|Any CPU.Build.0 = Release|Any CPU
		{C978329D-1578-4774-AC73-0675ED17D9F4}.SingleImage|Any CPU.ActiveCfg = Debug|Any CPU
		{C978329D-1578-4774-AC73-0675ED17D9F4}.SingleImage|Any CPU.Build.0 = Debug|Any CPU
		{96BB4400-6759-46D6-A7EA-F87009FEB33E}.All|Any CPU.ActiveCfg = Debug|Any CPU
		{96BB4400-6759-46D6-A7EA-F87009FEB33E}.All|Any CPU.Build.0 = Debug|Any CPU
		{96BB4400-6759-46D6-A7EA-F87009FEB33E}.CD_ROM|Any CPU.ActiveCfg = Debug|Any CPU
		{96BB4400-6759-46D6-A7EA-F87009FEB33E}.CD_ROM|Any CPU.Build.0 = Debug|Any CPU
		{96BB4400-6759-46D6-A7EA-F87009FEB33E}.Debug|Any CPU.ActiveCfg = Debug|Any CPU
		{96BB4400-6759-46D6-A7EA-F87009FEB33E}.Debug|Any CPU.Build.0 = Debug|Any CPU
		{96BB4400-6759-46D6-A7EA-F87009FEB33E}.DefaultBuild|Any CPU.ActiveCfg = Debug|Any CPU
		{96BB4400-6759-46D6-A7EA-F87009FEB33E}.DefaultBuild|Any CPU.Build.0 = Debug|Any CPU
		{96BB4400-6759-46D6-A7EA-F87009FEB33E}.DVD-5|Any CPU.ActiveCfg = Debug|Any CPU
		{96BB4400-6759-46D6-A7EA-F87009FEB33E}.DVD-5|Any CPU.Build.0 = Debug|Any CPU
		{96BB4400-6759-46D6-A7EA-F87009FEB33E}.Release|Any CPU.ActiveCfg = Release|Any CPU
		{96BB4400-6759-46D6-A7EA-F87009FEB33E}.Release|Any CPU.Build.0 = Release|Any CPU
		{96BB4400-6759-46D6-A7EA-F87009FEB33E}.SingleImage|Any CPU.ActiveCfg = Debug|Any CPU
		{96BB4400-6759-46D6-A7EA-F87009FEB33E}.SingleImage|Any CPU.Build.0 = Debug|Any CPU
		{DE04D781-A59E-4C6B-886D-E9CD095DE09A}.All|Any CPU.ActiveCfg = Debug|Any CPU
		{DE04D781-A59E-4C6B-886D-E9CD095DE09A}.All|Any CPU.Build.0 = Debug|Any CPU
		{DE04D781-A59E-4C6B-886D-E9CD095DE09A}.CD_ROM|Any CPU.ActiveCfg = Debug|Any CPU
		{DE04D781-A59E-4C6B-886D-E9CD095DE09A}.CD_ROM|Any CPU.Build.0 = Debug|Any CPU
		{DE04D781-A59E-4C6B-886D-E9CD095DE09A}.Debug|Any CPU.ActiveCfg = Debug|Any CPU
		{DE04D781-A59E-4C6B-886D-E9CD095DE09A}.Debug|Any CPU.Build.0 = Debug|Any CPU
		{DE04D781-A59E-4C6B-886D-E9CD095DE09A}.DefaultBuild|Any CPU.ActiveCfg = Debug|Any CPU
		{DE04D781-A59E-4C6B-886D-E9CD095DE09A}.DefaultBuild|Any CPU.Build.0 = Debug|Any CPU
		{DE04D781-A59E-4C6B-886D-E9CD095DE09A}.DVD-5|Any CPU.ActiveCfg = Debug|Any CPU
		{DE04D781-A59E-4C6B-886D-E9CD095DE09A}.DVD-5|Any CPU.Build.0 = Debug|Any CPU
		{DE04D781-A59E-4C6B-886D-E9CD095DE09A}.Release|Any CPU.ActiveCfg = Release|Any CPU
		{DE04D781-A59E-4C6B-886D-E9CD095DE09A}.Release|Any CPU.Build.0 = Release|Any CPU
		{DE04D781-A59E-4C6B-886D-E9CD095DE09A}.SingleImage|Any CPU.ActiveCfg = Debug|Any CPU
		{DE04D781-A59E-4C6B-886D-E9CD095DE09A}.SingleImage|Any CPU.Build.0 = Debug|Any CPU
	EndGlobalSection
	GlobalSection(SolutionProperties) = preSolution
		HideSolutionNode = FALSE
	EndGlobalSection
	GlobalSection(ExtensibilityGlobals) = postSolution
		SolutionGuid = {A4DFA708-7490-49BC-88EE-D166FA8C1182}
	EndGlobalSection
EndGlobal
